
Microsoft Visual Studio Solution File, Format Version 12.00
# Visual Studio 15
VisualStudioVersion = 15.0.28307.438
MinimumVisualStudioVersion = 10.0.40219.1
Project("{8BC9CEB8-8B4A-11D0-8D11-00A0C91BC942}") = "Soduko", "Soduko\Soduko.vcxproj", "{5FC8531B-B55B-423B-B5FF-41E4AF0861E4}"
EndProject
Global
	GlobalSection(SolutionConfigurationPlatforms) = preSolution
		Debug|x64 = Debug|x64
		Debug|x86 = Debug|x86
		Release|x64 = Release|x64
		Release|x86 = Release|x86
	EndGlobalSection
	GlobalSection(ProjectConfigurationPlatforms) = postSolution
		{5FC8531B-B55B-423B-B5FF-41E4AF0861E4}.Debug|x64.ActiveCfg = Debug|x64
		{5FC8531B-B55B-423B-B5FF-41E4AF0861E4}.Debug|x64.Build.0 = Debug|x64
		{5FC8531B-B55B-423B-B5FF-41E4AF0861E4}.Debug|x86.ActiveCfg = Debug|Win32
		{5FC8531B-B55B-423B-B5FF-41E4AF0861E4}.Debug|x86.Build.0 = Debug|Win32
		{5FC8531B-B55B-423B-B5FF-41E4AF0861E4}.Release|x64.ActiveCfg = Release|x64
		{5FC8531B-B55B-423B-B5FF-41E4AF0861E4}.Release|x64.Build.0 = Release|x64
		{5FC8531B-B55B-423B-B5FF-41E4AF0861E4}.Release|x86.ActiveCfg = Release|Win32
		{5FC8531B-B55B-423B-B5FF-41E4AF0861E4}.Release|x86.Build.0 = Release|Win32
	EndGlobalSection
	GlobalSection(SolutionProperties) = preSolution
		HideSolutionNode = FALSE
	EndGlobalSection
	GlobalSection(ExtensibilityGlobals) = postSolution
		SolutionGuid = {6D052950-A73A-462A-AE4A-4EC8F1575C7C}
	EndGlobalSection
EndGlobal
